<?xml version="1.0" encoding="utf-8"?>
<Project ToolsVersion="17.0" xmlns="http://schemas.microsoft.com/developer/msbuild/2003">
  <ItemGroup>
    <ClCompile Include="C:\Users\ASUS\3d animation course\project\EngineForAnimationCourse-master\external\glad\src\glad.c">
      <Filter>Source Files</Filter>
    </ClCompile>
  </ItemGroup>
  <ItemGroup>
    <CustomBuild Include="C:\Users\ASUS\3d animation course\project\EngineForAnimationCourse-master\external\glad\CMakeLists.txt" />
  </ItemGroup>
  <ItemGroup>
    <Filter Include="Source Files">
      <UniqueIdentifier>{3C2EB1BF-EC67-3EB1-B47E-B56B73651A09}</UniqueIdentifier>
    </Filter>
  </ItemGroup>
</Project>
