
Microsoft Visual Studio Solution File, Format Version 12.00
# Visual Studio Version 17
Project("{2150E333-8FDC-42A3-9474-1A3956D46DE8}") = "CMakePredefinedTargets", "CMakePredefinedTargets", "{8E8007C6-767D-3002-B14E-FE66BDED7902}"
EndProject
Project("{8BC9CEB8-8B4A-11D0-8D11-00A0C91BC942}") = "ALL_BUILD", "ALL_BUILD.vcxproj", "{D9566534-CCA2-33B8-A8F1-69C43ED1AC7C}"
	ProjectSection(ProjectDependencies) = postProject
		{9BAFADB1-AA06-3306-84F1-3BFE8E55E51D} = {9BAFADB1-AA06-3306-84F1-3BFE8E55E51D}
		{616EDA47-01FC-342B-81D2-B50AA86D5332} = {616EDA47-01FC-342B-81D2-B50AA86D5332}
	EndProjectSection
EndProject
Project("{8BC9CEB8-8B4A-11D0-8D11-00A0C91BC942}") = "ZERO_CHECK", "..\\ZERO_CHECK.vcxproj", "{9BAFADB1-AA06-3306-84F1-3BFE8E55E51D}"
	ProjectSection(ProjectDependencies) = postProject
	EndProjectSection
EndProject
Project("{8BC9CEB8-8B4A-11D0-8D11-00A0C91BC942}") = "glad", "glad.vcxproj", "{616EDA47-01FC-342B-81D2-B50AA86D5332}"
	ProjectSection(ProjectDependencies) = postProject
		{9BAFADB1-AA06-3306-84F1-3BFE8E55E51D} = {9BAFADB1-AA06-3306-84F1-3BFE8E55E51D}
	EndProjectSection
EndProject
Global
	GlobalSection(SolutionConfigurationPlatforms) = preSolution
		Debug|x64 = Debug|x64
		Release|x64 = Release|x64
		MinSizeRel|x64 = MinSizeRel|x64
		RelWithDebInfo|x64 = RelWithDebInfo|x64
	EndGlobalSection
	GlobalSection(ProjectConfigurationPlatforms) = postSolution
		{D9566534-CCA2-33B8-A8F1-69C43ED1AC7C}.Debug|x64.ActiveCfg = Debug|x64
		{D9566534-CCA2-33B8-A8F1-69C43ED1AC7C}.Release|x64.ActiveCfg = Release|x64
		{D9566534-CCA2-33B8-A8F1-69C43ED1AC7C}.MinSizeRel|x64.ActiveCfg = MinSizeRel|x64
		{D9566534-CCA2-33B8-A8F1-69C43ED1AC7C}.RelWithDebInfo|x64.ActiveCfg = RelWithDebInfo|x64
		{9BAFADB1-AA06-3306-84F1-3BFE8E55E51D}.Debug|x64.ActiveCfg = Debug|x64
		{9BAFADB1-AA06-3306-84F1-3BFE8E55E51D}.Debug|x64.Build.0 = Debug|x64
		{9BAFADB1-AA06-3306-84F1-3BFE8E55E51D}.Release|x64.ActiveCfg = Release|x64
		{9BAFADB1-AA06-3306-84F1-3BFE8E55E51D}.Release|x64.Build.0 = Release|x64
		{9BAFADB1-AA06-3306-84F1-3BFE8E55E51D}.MinSizeRel|x64.ActiveCfg = MinSizeRel|x64
		{9BAFADB1-AA06-3306-84F1-3BFE8E55E51D}.MinSizeRel|x64.Build.0 = MinSizeRel|x64
		{9BAFADB1-AA06-3306-84F1-3BFE8E55E51D}.RelWithDebInfo|x64.ActiveCfg = RelWithDebInfo|x64
		{9BAFADB1-AA06-3306-84F1-3BFE8E55E51D}.RelWithDebInfo|x64.Build.0 = RelWithDebInfo|x64
		{616EDA47-01FC-342B-81D2-B50AA86D5332}.Debug|x64.ActiveCfg = Debug|x64
		{616EDA47-01FC-342B-81D2-B50AA86D5332}.Debug|x64.Build.0 = Debug|x64
		{616EDA47-01FC-342B-81D2-B50AA86D5332}.Release|x64.ActiveCfg = Release|x64
		{616EDA47-01FC-342B-81D2-B50AA86D5332}.Release|x64.Build.0 = Release|x64
		{616EDA47-01FC-342B-81D2-B50AA86D5332}.MinSizeRel|x64.ActiveCfg = MinSizeRel|x64
		{616EDA47-01FC-342B-81D2-B50AA86D5332}.MinSizeRel|x64.Build.0 = MinSizeRel|x64
		{616EDA47-01FC-342B-81D2-B50AA86D5332}.RelWithDebInfo|x64.ActiveCfg = RelWithDebInfo|x64
		{616EDA47-01FC-342B-81D2-B50AA86D5332}.RelWithDebInfo|x64.Build.0 = RelWithDebInfo|x64
	EndGlobalSection
	GlobalSection(NestedProjects) = preSolution
		{D9566534-CCA2-33B8-A8F1-69C43ED1AC7C} = {8E8007C6-767D-3002-B14E-FE66BDED7902}
		{9BAFADB1-AA06-3306-84F1-3BFE8E55E51D} = {8E8007C6-767D-3002-B14E-FE66BDED7902}
	EndGlobalSection
	GlobalSection(ExtensibilityGlobals) = postSolution
		SolutionGuid = {01A4A6E1-6559-318E-A4CA-BE3D9EABF474}
	EndGlobalSection
	GlobalSection(ExtensibilityAddIns) = postSolution
	EndGlobalSection
EndGlobal
