
Microsoft Visual Studio Solution File, Format Version 12.00
# Visual Studio Version 17
Project("{2150E333-8FDC-42A3-9474-1A3956D46DE8}") = "CMakePredefinedTargets", "CMakePredefinedTargets", "{8E8007C6-767D-3002-B14E-FE66BDED7902}"
EndProject
Project("{2150E333-8FDC-42A3-9474-1A3956D46DE8}") = "GLFW3", "GLFW3", "{65AB4B86-809C-3ECB-9ADE-948CB35D48A6}"
EndProject
Project("{8BC9CEB8-8B4A-11D0-8D11-00A0C91BC942}") = "ALL_BUILD", "ALL_BUILD.vcxproj", "{D9566534-CCA2-33B8-A8F1-69C43ED1AC7C}"
	ProjectSection(ProjectDependencies) = postProject
		{9BAFADB1-AA06-3306-84F1-3BFE8E55E51D} = {9BAFADB1-AA06-3306-84F1-3BFE8E55E51D}
		{7BE48612-C098-3F44-8638-400B263E5BC4} = {7BE48612-C098-3F44-8638-400B263E5BC4}
	EndProjectSection
EndProject
Project("{8BC9CEB8-8B4A-11D0-8D11-00A0C91BC942}") = "ZERO_CHECK", "..\\ZERO_CHECK.vcxproj", "{9BAFADB1-AA06-3306-84F1-3BFE8E55E51D}"
	ProjectSection(ProjectDependencies) = postProject
	EndProjectSection
EndProject
Project("{8BC9CEB8-8B4A-11D0-8D11-00A0C91BC942}") = "glad", "..\glad\glad.vcxproj", "{616EDA47-01FC-342B-81D2-B50AA86D5332}"
	ProjectSection(ProjectDependencies) = postProject
		{9BAFADB1-AA06-3306-84F1-3BFE8E55E51D} = {9BAFADB1-AA06-3306-84F1-3BFE8E55E51D}
	EndProjectSection
EndProject
Project("{8BC9CEB8-8B4A-11D0-8D11-00A0C91BC942}") = "glfw", "..\glfw\src\glfw.vcxproj", "{53D0B7B1-B051-3DCF-9E3D-574CDA7DCC86}"
	ProjectSection(ProjectDependencies) = postProject
		{9BAFADB1-AA06-3306-84F1-3BFE8E55E51D} = {9BAFADB1-AA06-3306-84F1-3BFE8E55E51D}
	EndProjectSection
EndProject
Project("{8BC9CEB8-8B4A-11D0-8D11-00A0C91BC942}") = "igl", "..\\igl.vcxproj", "{DF1B3940-E2B8-3C84-84B3-0EB81B517897}"
	ProjectSection(ProjectDependencies) = postProject
		{9BAFADB1-AA06-3306-84F1-3BFE8E55E51D} = {9BAFADB1-AA06-3306-84F1-3BFE8E55E51D}
	EndProjectSection
EndProject
Project("{8BC9CEB8-8B4A-11D0-8D11-00A0C91BC942}") = "igl_opengl", "..\\igl_opengl.vcxproj", "{746AE49C-7727-3D33-A48D-6A82DA4A8F8A}"
	ProjectSection(ProjectDependencies) = postProject
		{9BAFADB1-AA06-3306-84F1-3BFE8E55E51D} = {9BAFADB1-AA06-3306-84F1-3BFE8E55E51D}
		{616EDA47-01FC-342B-81D2-B50AA86D5332} = {616EDA47-01FC-342B-81D2-B50AA86D5332}
		{DF1B3940-E2B8-3C84-84B3-0EB81B517897} = {DF1B3940-E2B8-3C84-84B3-0EB81B517897}
	EndProjectSection
EndProject
Project("{8BC9CEB8-8B4A-11D0-8D11-00A0C91BC942}") = "igl_opengl_glfw", "..\\igl_opengl_glfw.vcxproj", "{765E86BA-EA26-355C-9683-DF6CA6115458}"
	ProjectSection(ProjectDependencies) = postProject
		{9BAFADB1-AA06-3306-84F1-3BFE8E55E51D} = {9BAFADB1-AA06-3306-84F1-3BFE8E55E51D}
		{616EDA47-01FC-342B-81D2-B50AA86D5332} = {616EDA47-01FC-342B-81D2-B50AA86D5332}
		{53D0B7B1-B051-3DCF-9E3D-574CDA7DCC86} = {53D0B7B1-B051-3DCF-9E3D-574CDA7DCC86}
		{DF1B3940-E2B8-3C84-84B3-0EB81B517897} = {DF1B3940-E2B8-3C84-84B3-0EB81B517897}
		{746AE49C-7727-3D33-A48D-6A82DA4A8F8A} = {746AE49C-7727-3D33-A48D-6A82DA4A8F8A}
	EndProjectSection
EndProject
Project("{8BC9CEB8-8B4A-11D0-8D11-00A0C91BC942}") = "igl_opengl_glfw_imgui", "..\\igl_opengl_glfw_imgui.vcxproj", "{FD29DA9F-2B62-300C-ABFA-F58F61E0360F}"
	ProjectSection(ProjectDependencies) = postProject
		{9BAFADB1-AA06-3306-84F1-3BFE8E55E51D} = {9BAFADB1-AA06-3306-84F1-3BFE8E55E51D}
		{616EDA47-01FC-342B-81D2-B50AA86D5332} = {616EDA47-01FC-342B-81D2-B50AA86D5332}
		{53D0B7B1-B051-3DCF-9E3D-574CDA7DCC86} = {53D0B7B1-B051-3DCF-9E3D-574CDA7DCC86}
		{DF1B3940-E2B8-3C84-84B3-0EB81B517897} = {DF1B3940-E2B8-3C84-84B3-0EB81B517897}
		{746AE49C-7727-3D33-A48D-6A82DA4A8F8A} = {746AE49C-7727-3D33-A48D-6A82DA4A8F8A}
		{765E86BA-EA26-355C-9683-DF6CA6115458} = {765E86BA-EA26-355C-9683-DF6CA6115458}
		{2526A446-9EAB-398E-98E8-55390A4C9409} = {2526A446-9EAB-398E-98E8-55390A4C9409}
	EndProjectSection
EndProject
Project("{8BC9CEB8-8B4A-11D0-8D11-00A0C91BC942}") = "igl_png", "..\\igl_png.vcxproj", "{7BA7DAEA-1CD9-3BF7-B900-95E604710157}"
	ProjectSection(ProjectDependencies) = postProject
		{9BAFADB1-AA06-3306-84F1-3BFE8E55E51D} = {9BAFADB1-AA06-3306-84F1-3BFE8E55E51D}
		{616EDA47-01FC-342B-81D2-B50AA86D5332} = {616EDA47-01FC-342B-81D2-B50AA86D5332}
		{DF1B3940-E2B8-3C84-84B3-0EB81B517897} = {DF1B3940-E2B8-3C84-84B3-0EB81B517897}
		{746AE49C-7727-3D33-A48D-6A82DA4A8F8A} = {746AE49C-7727-3D33-A48D-6A82DA4A8F8A}
		{2905E315-C978-31EE-BD8C-A7C4A859B2F8} = {2905E315-C978-31EE-BD8C-A7C4A859B2F8}
	EndProjectSection
EndProject
Project("{8BC9CEB8-8B4A-11D0-8D11-00A0C91BC942}") = "igl_stb_image", "..\stb_image\igl_stb_image.vcxproj", "{2905E315-C978-31EE-BD8C-A7C4A859B2F8}"
	ProjectSection(ProjectDependencies) = postProject
		{9BAFADB1-AA06-3306-84F1-3BFE8E55E51D} = {9BAFADB1-AA06-3306-84F1-3BFE8E55E51D}
	EndProjectSection
EndProject
Project("{8BC9CEB8-8B4A-11D0-8D11-00A0C91BC942}") = "imgui", "..\imgui\imgui.vcxproj", "{2526A446-9EAB-398E-98E8-55390A4C9409}"
	ProjectSection(ProjectDependencies) = postProject
		{9BAFADB1-AA06-3306-84F1-3BFE8E55E51D} = {9BAFADB1-AA06-3306-84F1-3BFE8E55E51D}
		{616EDA47-01FC-342B-81D2-B50AA86D5332} = {616EDA47-01FC-342B-81D2-B50AA86D5332}
		{53D0B7B1-B051-3DCF-9E3D-574CDA7DCC86} = {53D0B7B1-B051-3DCF-9E3D-574CDA7DCC86}
	EndProjectSection
EndProject
Project("{8BC9CEB8-8B4A-11D0-8D11-00A0C91BC942}") = "sandBox_bin", "sandBox\sandBox_bin.vcxproj", "{7BE48612-C098-3F44-8638-400B263E5BC4}"
	ProjectSection(ProjectDependencies) = postProject
		{9BAFADB1-AA06-3306-84F1-3BFE8E55E51D} = {9BAFADB1-AA06-3306-84F1-3BFE8E55E51D}
		{616EDA47-01FC-342B-81D2-B50AA86D5332} = {616EDA47-01FC-342B-81D2-B50AA86D5332}
		{53D0B7B1-B051-3DCF-9E3D-574CDA7DCC86} = {53D0B7B1-B051-3DCF-9E3D-574CDA7DCC86}
		{DF1B3940-E2B8-3C84-84B3-0EB81B517897} = {DF1B3940-E2B8-3C84-84B3-0EB81B517897}
		{746AE49C-7727-3D33-A48D-6A82DA4A8F8A} = {746AE49C-7727-3D33-A48D-6A82DA4A8F8A}
		{765E86BA-EA26-355C-9683-DF6CA6115458} = {765E86BA-EA26-355C-9683-DF6CA6115458}
		{FD29DA9F-2B62-300C-ABFA-F58F61E0360F} = {FD29DA9F-2B62-300C-ABFA-F58F61E0360F}
		{7BA7DAEA-1CD9-3BF7-B900-95E604710157} = {7BA7DAEA-1CD9-3BF7-B900-95E604710157}
		{2905E315-C978-31EE-BD8C-A7C4A859B2F8} = {2905E315-C978-31EE-BD8C-A7C4A859B2F8}
		{2526A446-9EAB-398E-98E8-55390A4C9409} = {2526A446-9EAB-398E-98E8-55390A4C9409}
	EndProjectSection
EndProject
Global
	GlobalSection(SolutionConfigurationPlatforms) = preSolution
		Debug|x64 = Debug|x64
		Release|x64 = Release|x64
		MinSizeRel|x64 = MinSizeRel|x64
		RelWithDebInfo|x64 = RelWithDebInfo|x64
	EndGlobalSection
	GlobalSection(ProjectConfigurationPlatforms) = postSolution
		{D9566534-CCA2-33B8-A8F1-69C43ED1AC7C}.Debug|x64.ActiveCfg = Debug|x64
		{D9566534-CCA2-33B8-A8F1-69C43ED1AC7C}.Release|x64.ActiveCfg = Release|x64
		{D9566534-CCA2-33B8-A8F1-69C43ED1AC7C}.MinSizeRel|x64.ActiveCfg = MinSizeRel|x64
		{D9566534-CCA2-33B8-A8F1-69C43ED1AC7C}.RelWithDebInfo|x64.ActiveCfg = RelWithDebInfo|x64
		{9BAFADB1-AA06-3306-84F1-3BFE8E55E51D}.Debug|x64.ActiveCfg = Debug|x64
		{9BAFADB1-AA06-3306-84F1-3BFE8E55E51D}.Debug|x64.Build.0 = Debug|x64
		{9BAFADB1-AA06-3306-84F1-3BFE8E55E51D}.Release|x64.ActiveCfg = Release|x64
		{9BAFADB1-AA06-3306-84F1-3BFE8E55E51D}.Release|x64.Build.0 = Release|x64
		{9BAFADB1-AA06-3306-84F1-3BFE8E55E51D}.MinSizeRel|x64.ActiveCfg = MinSizeRel|x64
		{9BAFADB1-AA06-3306-84F1-3BFE8E55E51D}.MinSizeRel|x64.Build.0 = MinSizeRel|x64
		{9BAFADB1-AA06-3306-84F1-3BFE8E55E51D}.RelWithDebInfo|x64.ActiveCfg = RelWithDebInfo|x64
		{9BAFADB1-AA06-3306-84F1-3BFE8E55E51D}.RelWithDebInfo|x64.Build.0 = RelWithDebInfo|x64
		{616EDA47-01FC-342B-81D2-B50AA86D5332}.Debug|x64.ActiveCfg = Debug|x64
		{616EDA47-01FC-342B-81D2-B50AA86D5332}.Debug|x64.Build.0 = Debug|x64
		{616EDA47-01FC-342B-81D2-B50AA86D5332}.Release|x64.ActiveCfg = Release|x64
		{616EDA47-01FC-342B-81D2-B50AA86D5332}.Release|x64.Build.0 = Release|x64
		{616EDA47-01FC-342B-81D2-B50AA86D5332}.MinSizeRel|x64.ActiveCfg = MinSizeRel|x64
		{616EDA47-01FC-342B-81D2-B50AA86D5332}.MinSizeRel|x64.Build.0 = MinSizeRel|x64
		{616EDA47-01FC-342B-81D2-B50AA86D5332}.RelWithDebInfo|x64.ActiveCfg = RelWithDebInfo|x64
		{616EDA47-01FC-342B-81D2-B50AA86D5332}.RelWithDebInfo|x64.Build.0 = RelWithDebInfo|x64
		{53D0B7B1-B051-3DCF-9E3D-574CDA7DCC86}.Debug|x64.ActiveCfg = Debug|x64
		{53D0B7B1-B051-3DCF-9E3D-574CDA7DCC86}.Debug|x64.Build.0 = Debug|x64
		{53D0B7B1-B051-3DCF-9E3D-574CDA7DCC86}.Release|x64.ActiveCfg = Release|x64
		{53D0B7B1-B051-3DCF-9E3D-574CDA7DCC86}.Release|x64.Build.0 = Release|x64
		{53D0B7B1-B051-3DCF-9E3D-574CDA7DCC86}.MinSizeRel|x64.ActiveCfg = MinSizeRel|x64
		{53D0B7B1-B051-3DCF-9E3D-574CDA7DCC86}.MinSizeRel|x64.Build.0 = MinSizeRel|x64
		{53D0B7B1-B051-3DCF-9E3D-574CDA7DCC86}.RelWithDebInfo|x64.ActiveCfg = RelWithDebInfo|x64
		{53D0B7B1-B051-3DCF-9E3D-574CDA7DCC86}.RelWithDebInfo|x64.Build.0 = RelWithDebInfo|x64
		{DF1B3940-E2B8-3C84-84B3-0EB81B517897}.Debug|x64.ActiveCfg = Debug|x64
		{DF1B3940-E2B8-3C84-84B3-0EB81B517897}.Debug|x64.Build.0 = Debug|x64
		{DF1B3940-E2B8-3C84-84B3-0EB81B517897}.Release|x64.ActiveCfg = Release|x64
		{DF1B3940-E2B8-3C84-84B3-0EB81B517897}.Release|x64.Build.0 = Release|x64
		{DF1B3940-E2B8-3C84-84B3-0EB81B517897}.MinSizeRel|x64.ActiveCfg = MinSizeRel|x64
		{DF1B3940-E2B8-3C84-84B3-0EB81B517897}.MinSizeRel|x64.Build.0 = MinSizeRel|x64
		{DF1B3940-E2B8-3C84-84B3-0EB81B517897}.RelWithDebInfo|x64.ActiveCfg = RelWithDebInfo|x64
		{DF1B3940-E2B8-3C84-84B3-0EB81B517897}.RelWithDebInfo|x64.Build.0 = RelWithDebInfo|x64
		{746AE49C-7727-3D33-A48D-6A82DA4A8F8A}.Debug|x64.ActiveCfg = Debug|x64
		{746AE49C-7727-3D33-A48D-6A82DA4A8F8A}.Debug|x64.Build.0 = Debug|x64
		{746AE49C-7727-3D33-A48D-6A82DA4A8F8A}.Release|x64.ActiveCfg = Release|x64
		{746AE49C-7727-3D33-A48D-6A82DA4A8F8A}.Release|x64.Build.0 = Release|x64
		{746AE49C-7727-3D33-A48D-6A82DA4A8F8A}.MinSizeRel|x64.ActiveCfg = MinSizeRel|x64
		{746AE49C-7727-3D33-A48D-6A82DA4A8F8A}.MinSizeRel|x64.Build.0 = MinSizeRel|x64
		{746AE49C-7727-3D33-A48D-6A82DA4A8F8A}.RelWithDebInfo|x64.ActiveCfg = RelWithDebInfo|x64
		{746AE49C-7727-3D33-A48D-6A82DA4A8F8A}.RelWithDebInfo|x64.Build.0 = RelWithDebInfo|x64
		{765E86BA-EA26-355C-9683-DF6CA6115458}.Debug|x64.ActiveCfg = Debug|x64
		{765E86BA-EA26-355C-9683-DF6CA6115458}.Debug|x64.Build.0 = Debug|x64
		{765E86BA-EA26-355C-9683-DF6CA6115458}.Release|x64.ActiveCfg = Release|x64
		{765E86BA-EA26-355C-9683-DF6CA6115458}.Release|x64.Build.0 = Release|x64
		{765E86BA-EA26-355C-9683-DF6CA6115458}.MinSizeRel|x64.ActiveCfg = MinSizeRel|x64
		{765E86BA-EA26-355C-9683-DF6CA6115458}.MinSizeRel|x64.Build.0 = MinSizeRel|x64
		{765E86BA-EA26-355C-9683-DF6CA6115458}.RelWithDebInfo|x64.ActiveCfg = RelWithDebInfo|x64
		{765E86BA-EA26-355C-9683-DF6CA6115458}.RelWithDebInfo|x64.Build.0 = RelWithDebInfo|x64
		{FD29DA9F-2B62-300C-ABFA-F58F61E0360F}.Debug|x64.ActiveCfg = Debug|x64
		{FD29DA9F-2B62-300C-ABFA-F58F61E0360F}.Debug|x64.Build.0 = Debug|x64
		{FD29DA9F-2B62-300C-ABFA-F58F61E0360F}.Release|x64.ActiveCfg = Release|x64
		{FD29DA9F-2B62-300C-ABFA-F58F61E0360F}.Release|x64.Build.0 = Release|x64
		{FD29DA9F-2B62-300C-ABFA-F58F61E0360F}.MinSizeRel|x64.ActiveCfg = MinSizeRel|x64
		{FD29DA9F-2B62-300C-ABFA-F58F61E0360F}.MinSizeRel|x64.Build.0 = MinSizeRel|x64
		{FD29DA9F-2B62-300C-ABFA-F58F61E0360F}.RelWithDebInfo|x64.ActiveCfg = RelWithDebInfo|x64
		{FD29DA9F-2B62-300C-ABFA-F58F61E0360F}.RelWithDebInfo|x64.Build.0 = RelWithDebInfo|x64
		{7BA7DAEA-1CD9-3BF7-B900-95E604710157}.Debug|x64.ActiveCfg = Debug|x64
		{7BA7DAEA-1CD9-3BF7-B900-95E604710157}.Debug|x64.Build.0 = Debug|x64
		{7BA7DAEA-1CD9-3BF7-B900-95E604710157}.Release|x64.ActiveCfg = Release|x64
		{7BA7DAEA-1CD9-3BF7-B900-95E604710157}.Release|x64.Build.0 = Release|x64
		{7BA7DAEA-1CD9-3BF7-B900-95E604710157}.MinSizeRel|x64.ActiveCfg = MinSizeRel|x64
		{7BA7DAEA-1CD9-3BF7-B900-95E604710157}.MinSizeRel|x64.Build.0 = MinSizeRel|x64
		{7BA7DAEA-1CD9-3BF7-B900-95E604710157}.RelWithDebInfo|x64.ActiveCfg = RelWithDebInfo|x64
		{7BA7DAEA-1CD9-3BF7-B900-95E604710157}.RelWithDebInfo|x64.Build.0 = RelWithDebInfo|x64
		{2905E315-C978-31EE-BD8C-A7C4A859B2F8}.Debug|x64.ActiveCfg = Debug|x64
		{2905E315-C978-31EE-BD8C-A7C4A859B2F8}.Debug|x64.Build.0 = Debug|x64
		{2905E315-C978-31EE-BD8C-A7C4A859B2F8}.Release|x64.ActiveCfg = Release|x64
		{2905E315-C978-31EE-BD8C-A7C4A859B2F8}.Release|x64.Build.0 = Release|x64
		{2905E315-C978-31EE-BD8C-A7C4A859B2F8}.MinSizeRel|x64.ActiveCfg = MinSizeRel|x64
		{2905E315-C978-31EE-BD8C-A7C4A859B2F8}.MinSizeRel|x64.Build.0 = MinSizeRel|x64
		{2905E315-C978-31EE-BD8C-A7C4A859B2F8}.RelWithDebInfo|x64.ActiveCfg = RelWithDebInfo|x64
		{2905E315-C978-31EE-BD8C-A7C4A859B2F8}.RelWithDebInfo|x64.Build.0 = RelWithDebInfo|x64
		{2526A446-9EAB-398E-98E8-55390A4C9409}.Debug|x64.ActiveCfg = Debug|x64
		{2526A446-9EAB-398E-98E8-55390A4C9409}.Debug|x64.Build.0 = Debug|x64
		{2526A446-9EAB-398E-98E8-55390A4C9409}.Release|x64.ActiveCfg = Release|x64
		{2526A446-9EAB-398E-98E8-55390A4C9409}.Release|x64.Build.0 = Release|x64
		{2526A446-9EAB-398E-98E8-55390A4C9409}.MinSizeRel|x64.ActiveCfg = MinSizeRel|x64
		{2526A446-9EAB-398E-98E8-55390A4C9409}.MinSizeRel|x64.Build.0 = MinSizeRel|x64
		{2526A446-9EAB-398E-98E8-55390A4C9409}.RelWithDebInfo|x64.ActiveCfg = RelWithDebInfo|x64
		{2526A446-9EAB-398E-98E8-55390A4C9409}.RelWithDebInfo|x64.Build.0 = RelWithDebInfo|x64
		{7BE48612-C098-3F44-8638-400B263E5BC4}.Debug|x64.ActiveCfg = Debug|x64
		{7BE48612-C098-3F44-8638-400B263E5BC4}.Debug|x64.Build.0 = Debug|x64
		{7BE48612-C098-3F44-8638-400B263E5BC4}.Release|x64.ActiveCfg = Release|x64
		{7BE48612-C098-3F44-8638-400B263E5BC4}.Release|x64.Build.0 = Release|x64
		{7BE48612-C098-3F44-8638-400B263E5BC4}.MinSizeRel|x64.ActiveCfg = MinSizeRel|x64
		{7BE48612-C098-3F44-8638-400B263E5BC4}.MinSizeRel|x64.Build.0 = MinSizeRel|x64
		{7BE48612-C098-3F44-8638-400B263E5BC4}.RelWithDebInfo|x64.ActiveCfg = RelWithDebInfo|x64
		{7BE48612-C098-3F44-8638-400B263E5BC4}.RelWithDebInfo|x64.Build.0 = RelWithDebInfo|x64
	EndGlobalSection
	GlobalSection(NestedProjects) = preSolution
		{D9566534-CCA2-33B8-A8F1-69C43ED1AC7C} = {8E8007C6-767D-3002-B14E-FE66BDED7902}
		{9BAFADB1-AA06-3306-84F1-3BFE8E55E51D} = {8E8007C6-767D-3002-B14E-FE66BDED7902}
		{53D0B7B1-B051-3DCF-9E3D-574CDA7DCC86} = {65AB4B86-809C-3ECB-9ADE-948CB35D48A6}
	EndGlobalSection
	GlobalSection(ExtensibilityGlobals) = postSolution
		SolutionGuid = {E1527A7B-3E46-3B1B-BEA8-3405642199B6}
	EndGlobalSection
	GlobalSection(ExtensibilityAddIns) = postSolution
	EndGlobalSection
EndGlobal
