<?xml version="1.0" encoding="utf-8"?>
<Project ToolsVersion="17.0" xmlns="http://schemas.microsoft.com/developer/msbuild/2003">
  <ItemGroup>
    <ClCompile Include="C:\Users\ASUS\3d animation course\project\EngineForAnimationCourse-master\tutorial\sandBox\sandBox.cpp">
      <Filter>Source Files</Filter>
    </ClCompile>
    <ClCompile Include="C:\Users\ASUS\3d animation course\project\EngineForAnimationCourse-master\tutorial\sandBox\main.cpp">
      <Filter>Source Files</Filter>
    </ClCompile>
  </ItemGroup>
  <ItemGroup>
    <ClInclude Include="C:\Users\ASUS\3d animation course\project\EngineForAnimationCourse-master\tutorial\sandBox\sandBox.h">
      <Filter>Header Files</Filter>
    </ClInclude>
    <ClInclude Include="C:\Users\ASUS\3d animation course\project\EngineForAnimationCourse-master\tutorial\sandBox\inputManager.h">
      <Filter>Header Files</Filter>
    </ClInclude>
  </ItemGroup>
  <ItemGroup>
    <CustomBuild Include="C:\Users\ASUS\3d animation course\project\EngineForAnimationCourse-master\tutorial\sandBox\CMakeLists.txt" />
  </ItemGroup>
  <ItemGroup>
    <Filter Include="Header Files">
      <UniqueIdentifier>{30EBA9D6-75A0-3491-AEF0-0E2D2B8BCF72}</UniqueIdentifier>
    </Filter>
    <Filter Include="Source Files">
      <UniqueIdentifier>{3C2EB1BF-EC67-3EB1-B47E-B56B73651A09}</UniqueIdentifier>
    </Filter>
  </ItemGroup>
</Project>
